<Solution>
  <Project Path="Architectures.API/CleanArch.API.csproj" />
  <Project Path="CleanArch.Application/CleanArch.Application.csproj" />
  <Project Path="CleanArch.Domain/CleanArch.Domain.csproj" />
  <Project Path="E:/Projects/Architectures/Architectures/CleanArch.Infrastructure/CleanArch.Infrastructure.csproj" />
  <Project Path="E:/Projects/Architectures/Architectures/CleanArch.Shared/CleanArch.Shared.csproj" />
</Solution>
