<Solution>
  <Project Path="LearningJourney.API/LearningJourney.API.csproj" />
  <Project Path="LearningJourney.Application/LearningJourney.Application.csproj" />
  <Project Path="LearningJourney.Domain/LearningJourney.Domain.csproj" />
  <Project Path="LearningJourney.Infrastructure/LearningJourney.Infrastructure.csproj" />
  <Project Path="LearningJourney.Shared/LearningJourney.Shared.csproj" />
</Solution>
